// !$*UTF8*$!
{
	archiveVersion = 1;
	classes = {
	};
	objectVersion = 46;
	objects = {

/* Begin PBXBuildFile section */
		698C5023909618611528E3EB /* main.swift in Sources */ = {isa = PBXBuildFile; fileRef = 698C5B3ED23329F09BB8EB37 /* main.swift */; };
		698C51DAF1B2EC62F27A6761 /* canvas.swift in Sources */ = {isa = PBXBuildFile; fileRef = 698C546E1D4900F39B6DA927 /* canvas.swift */; };
		698C53D525C9A49B9EE28CBA /* colors.swift in Sources */ = {isa = PBXBuildFile; fileRef = 698C5F5F292E998D8F34BB92 /* colors.swift */; };
		698C5545E29B790CC0B1ED5A /* colorsTests.swift in Sources */ = {isa = PBXBuildFile; fileRef = 698C5667F6A2221BEC4D2E33 /* colorsTests.swift */; };
		698C559A03A51D20B17472D3 /* tuple.swift in Sources */ = {isa = PBXBuildFile; fileRef = 698C5297301F0B7DF08C969B /* tuple.swift */; };
		698C56EFD40E48498BC71F21 /* projectile_demo.swift in Sources */ = {isa = PBXBuildFile; fileRef = 698C58CEE8F7997AD2648DF2 /* projectile_demo.swift */; };
		698C5AF4648C4F0A943DA719 /* canvas.swift in Sources */ = {isa = PBXBuildFile; fileRef = 698C546E1D4900F39B6DA927 /* canvas.swift */; };
		698C5B7A62E1A5D56FE24B50 /* Assertions.swift in Sources */ = {isa = PBXBuildFile; fileRef = 698C5A6EA7DF0BA5AFF331AF /* Assertions.swift */; };
		698C5BBA2E5EA86BA8DFA006 /* colors.swift in Sources */ = {isa = PBXBuildFile; fileRef = 698C5F5F292E998D8F34BB92 /* colors.swift */; };
		B7E84EDF225C416000ED7177 /* tuplesTests.swift in Sources */ = {isa = PBXBuildFile; fileRef = B7E84EDE225C416000ED7177 /* tuplesTests.swift */; };
		B7E84EE5225C4B6400ED7177 /* tuple.swift in Sources */ = {isa = PBXBuildFile; fileRef = 698C5297301F0B7DF08C969B /* tuple.swift */; };
		B7E84EE7225D81FC00ED7177 /* canvasTests.swift in Sources */ = {isa = PBXBuildFile; fileRef = B7E84EE6225D81FC00ED7177 /* canvasTests.swift */; };
/* End PBXBuildFile section */

/* Begin PBXCopyFilesBuildPhase section */
		698C52714F8D441E1A44AD5F /* CopyFiles */ = {
			isa = PBXCopyFilesBuildPhase;
			buildActionMask = 2147483647;
			dstPath = /usr/share/man/man1/;
			dstSubfolderSpec = 0;
			files = (
			);
			runOnlyForDeploymentPostprocessing = 1;
		};
/* End PBXCopyFilesBuildPhase section */

/* Begin PBXFileReference section */
		698C50A000CFCEB785256261 /* RayTracerChallenge */ = {isa = PBXFileReference; explicitFileType = "compiled.mach-o.executable"; includeInIndex = 0; path = RayTracerChallenge; sourceTree = BUILT_PRODUCTS_DIR; };
		698C5297301F0B7DF08C969B /* tuple.swift */ = {isa = PBXFileReference; fileEncoding = 4; lastKnownFileType = sourcecode.swift; path = tuple.swift; sourceTree = "<group>"; };
		698C546E1D4900F39B6DA927 /* canvas.swift */ = {isa = PBXFileReference; fileEncoding = 4; lastKnownFileType = sourcecode.swift; path = canvas.swift; sourceTree = "<group>"; };
		698C5667F6A2221BEC4D2E33 /* colorsTests.swift */ = {isa = PBXFileReference; fileEncoding = 4; lastKnownFileType = sourcecode.swift; path = colorsTests.swift; sourceTree = "<group>"; };
		698C58CEE8F7997AD2648DF2 /* projectile_demo.swift */ = {isa = PBXFileReference; fileEncoding = 4; lastKnownFileType = sourcecode.swift; path = projectile_demo.swift; sourceTree = "<group>"; };
		698C5A6EA7DF0BA5AFF331AF /* Assertions.swift */ = {isa = PBXFileReference; fileEncoding = 4; lastKnownFileType = sourcecode.swift; path = Assertions.swift; sourceTree = "<group>"; };
		698C5B3ED23329F09BB8EB37 /* main.swift */ = {isa = PBXFileReference; lastKnownFileType = sourcecode.swift; path = main.swift; sourceTree = "<group>"; };
		698C5F5F292E998D8F34BB92 /* colors.swift */ = {isa = PBXFileReference; fileEncoding = 4; lastKnownFileType = sourcecode.swift; path = colors.swift; sourceTree = "<group>"; };
		B7E84EDC225C416000ED7177 /* RayTracerTests.xctest */ = {isa = PBXFileReference; explicitFileType = wrapper.cfbundle; includeInIndex = 0; path = RayTracerTests.xctest; sourceTree = BUILT_PRODUCTS_DIR; };
		B7E84EDE225C416000ED7177 /* tuplesTests.swift */ = {isa = PBXFileReference; lastKnownFileType = sourcecode.swift; path = tuplesTests.swift; sourceTree = "<group>"; };
		B7E84EE0225C416000ED7177 /* Info.plist */ = {isa = PBXFileReference; lastKnownFileType = text.plist.xml; path = Info.plist; sourceTree = "<group>"; };
		B7E84EE6225D81FC00ED7177 /* canvasTests.swift */ = {isa = PBXFileReference; lastKnownFileType = sourcecode.swift; path = canvasTests.swift; sourceTree = "<group>"; };
/* End PBXFileReference section */

/* Begin PBXFrameworksBuildPhase section */
		698C5539617E9FCA997CAAB5 /* Frameworks */ = {
			isa = PBXFrameworksBuildPhase;
			buildActionMask = 2147483647;
			files = (
			);
			runOnlyForDeploymentPostprocessing = 0;
		};
		B7E84ED9225C416000ED7177 /* Frameworks */ = {
			isa = PBXFrameworksBuildPhase;
			buildActionMask = 2147483647;
			files = (
			);
			runOnlyForDeploymentPostprocessing = 0;
		};
/* End PBXFrameworksBuildPhase section */

/* Begin PBXGroup section */
		698C5526D006DB655875BDDA = {
			isa = PBXGroup;
			children = (
				B7E84EDD225C416000ED7177 /* RayTracerTests */,
				698C57CCEE4E86D68C9C8F39 /* Products */,
				698C5E7AA0CF7ED28B443A7E /* RayTracerChallenge */,
			);
			sourceTree = "<group>";
		};
		698C57CCEE4E86D68C9C8F39 /* Products */ = {
			isa = PBXGroup;
			children = (
				698C50A000CFCEB785256261 /* RayTracerChallenge */,
				B7E84EDC225C416000ED7177 /* RayTracerTests.xctest */,
			);
			name = Products;
			sourceTree = "<group>";
		};
		698C5E7AA0CF7ED28B443A7E /* RayTracerChallenge */ = {
			isa = PBXGroup;
			children = (
				698C5B3ED23329F09BB8EB37 /* main.swift */,
				698C5297301F0B7DF08C969B /* tuple.swift */,
				698C58CEE8F7997AD2648DF2 /* projectile_demo.swift */,
				698C546E1D4900F39B6DA927 /* canvas.swift */,
				698C5F5F292E998D8F34BB92 /* colors.swift */,
			);
			path = RayTracerChallenge;
			sourceTree = "<group>";
		};
		B7E84EDD225C416000ED7177 /* RayTracerTests */ = {
			isa = PBXGroup;
			children = (
				B7E84EDE225C416000ED7177 /* tuplesTests.swift */,
				B7E84EE0225C416000ED7177 /* Info.plist */,
				698C5A6EA7DF0BA5AFF331AF /* Assertions.swift */,
				B7E84EE6225D81FC00ED7177 /* canvasTests.swift */,
				698C5667F6A2221BEC4D2E33 /* colorsTests.swift */,
			);
			path = RayTracerTests;
			sourceTree = "<group>";
		};
/* End PBXGroup section */

/* Begin PBXNativeTarget section */
		698C55AA892004E572998DA2 /* RayTracerChallenge */ = {
			isa = PBXNativeTarget;
			buildConfigurationList = 698C5A1512957A59789C524E /* Build configuration list for PBXNativeTarget "RayTracerChallenge" */;
			buildPhases = (
				698C51D4290BE5BEA72F38C3 /* Sources */,
				698C5539617E9FCA997CAAB5 /* Frameworks */,
				698C52714F8D441E1A44AD5F /* CopyFiles */,
			);
			buildRules = (
			);
			dependencies = (
			);
			name = RayTracerChallenge;
			productName = RayTracerChallenge;
			productReference = 698C50A000CFCEB785256261 /* RayTracerChallenge */;
			productType = "com.apple.product-type.tool";
		};
		B7E84EDB225C416000ED7177 /* RayTracerTests */ = {
			isa = PBXNativeTarget;
			buildConfigurationList = B7E84EE3225C416000ED7177 /* Build configuration list for PBXNativeTarget "RayTracerTests" */;
			buildPhases = (
				B7E84ED8225C416000ED7177 /* Sources */,
				B7E84ED9225C416000ED7177 /* Frameworks */,
				B7E84EDA225C416000ED7177 /* Resources */,
			);
			buildRules = (
			);
			dependencies = (
			);
			name = RayTracerTests;
			productName = RayTracerTests;
			productReference = B7E84EDC225C416000ED7177 /* RayTracerTests.xctest */;
			productType = "com.apple.product-type.bundle.unit-test";
		};
/* End PBXNativeTarget section */

/* Begin PBXProject section */
		698C5C1BBD76B465291AAEAD /* Project object */ = {
			isa = PBXProject;
			attributes = {
				LastSwiftUpdateCheck = 1010;
				ORGANIZATIONNAME = "Threeplay Inc.";
				TargetAttributes = {
					B7E84EDB225C416000ED7177 = {
						CreatedOnToolsVersion = 10.1;
						DevelopmentTeam = B2AK2W5225;
						ProvisioningStyle = Automatic;
					};
				};
			};
			buildConfigurationList = 698C56334EA81F32A2CA362C /* Build configuration list for PBXProject "RayTracerChallenge" */;
			compatibilityVersion = "Xcode 3.2";
			developmentRegion = English;
			hasScannedForEncodings = 0;
			knownRegions = (
				en,
			);
			mainGroup = 698C5526D006DB655875BDDA;
			productRefGroup = 698C57CCEE4E86D68C9C8F39 /* Products */;
			projectDirPath = "";
			projectRoot = "";
			targets = (
				698C55AA892004E572998DA2 /* RayTracerChallenge */,
				B7E84EDB225C416000ED7177 /* RayTracerTests */,
			);
		};
/* End PBXProject section */

/* Begin PBXResourcesBuildPhase section */
		B7E84EDA225C416000ED7177 /* Resources */ = {
			isa = PBXResourcesBuildPhase;
			buildActionMask = 2147483647;
			files = (
			);
			runOnlyForDeploymentPostprocessing = 0;
		};
/* End PBXResourcesBuildPhase section */

/* Begin PBXSourcesBuildPhase section */
		698C51D4290BE5BEA72F38C3 /* Sources */ = {
			isa = PBXSourcesBuildPhase;
			buildActionMask = 2147483647;
			files = (
				698C5023909618611528E3EB /* main.swift in Sources */,
				698C559A03A51D20B17472D3 /* tuple.swift in Sources */,
				698C56EFD40E48498BC71F21 /* projectile_demo.swift in Sources */,
				698C5AF4648C4F0A943DA719 /* canvas.swift in Sources */,
				698C53D525C9A49B9EE28CBA /* colors.swift in Sources */,
			);
			runOnlyForDeploymentPostprocessing = 0;
		};
		B7E84ED8225C416000ED7177 /* Sources */ = {
			isa = PBXSourcesBuildPhase;
			buildActionMask = 2147483647;
			files = (
				B7E84EDF225C416000ED7177 /* tuplesTests.swift in Sources */,
				B7E84EE5225C4B6400ED7177 /* tuple.swift in Sources */,
				698C5B7A62E1A5D56FE24B50 /* Assertions.swift in Sources */,
				B7E84EE7225D81FC00ED7177 /* canvasTests.swift in Sources */,
				698C51DAF1B2EC62F27A6761 /* canvas.swift in Sources */,
				698C5545E29B790CC0B1ED5A /* colorsTests.swift in Sources */,
				698C5BBA2E5EA86BA8DFA006 /* colors.swift in Sources */,
			);
			runOnlyForDeploymentPostprocessing = 0;
		};
/* End PBXSourcesBuildPhase section */

/* Begin XCBuildConfiguration section */
		698C503CD3355B205B154487 /* Debug */ = {
			isa = XCBuildConfiguration;
			buildSettings = {
				PRODUCT_NAME = "$(TARGET_NAME)";
				SWIFT_VERSION = 4.2;
			};
			name = Debug;
		};
		698C52ED168C4327DE2AC524 /* Debug */ = {
			isa = XCBuildConfiguration;
			buildSettings = {
				ALWAYS_SEARCH_USER_PATHS = NO;
				CLANG_ANALYZER_NONNULL = YES;
				CLANG_ANALYZER_NUMBER_OBJECT_CONVERSION = YES_AGGRESSIVE;
				CLANG_CXX_LANGUAGE_STANDARD = "gnu++14";
				CLANG_CXX_LIBRARY = "libc++";
				CLANG_ENABLE_MODULES = YES;
				CLANG_ENABLE_OBJC_ARC = YES;
				CLANG_ENABLE_OBJC_WEAK = YES;
				CLANG_WARN_BLOCK_CAPTURE_AUTORELEASING = YES;
				CLANG_WARN_BOOL_CONVERSION = YES;
				CLANG_WARN_COMMA = YES;
				CLANG_WARN_CONSTANT_CONVERSION = YES;
				CLANG_WARN_DEPRECATED_OBJC_IMPLEMENTATIONS = YES;
				CLANG_WARN_DIRECT_OBJC_ISA_USAGE = YES_ERROR;
				CLANG_WARN_DOCUMENTATION_COMMENTS = YES;
				CLANG_WARN_EMPTY_BODY = YES;
				CLANG_WARN_ENUM_CONVERSION = YES;
				CLANG_WARN_INFINITE_RECURSION = YES;
				CLANG_WARN_INT_CONVERSION = YES;
				CLANG_WARN_NON_LITERAL_NULL_CONVERSION = YES;
				CLANG_WARN_OBJC_IMPLICIT_RETAIN_SELF = YES;
				CLANG_WARN_OBJC_LITERAL_CONVERSION = YES;
				CLANG_WARN_OBJC_ROOT_CLASS = YES_ERROR;
				CLANG_WARN_RANGE_LOOP_ANALYSIS = YES;
				CLANG_WARN_STRICT_PROTOTYPES = YES;
				CLANG_WARN_SUSPICIOUS_MOVE = YES;
				CLANG_WARN_UNGUARDED_AVAILABILITY = YES_AGGRESSIVE;
				CLANG_WARN_UNREACHABLE_CODE = YES;
				CLANG_WARN__DUPLICATE_METHOD_MATCH = YES;
				CODE_SIGN_IDENTITY = "-";
				COPY_PHASE_STRIP = NO;
				DEBUG_INFORMATION_FORMAT = dwarf;
				ENABLE_STRICT_OBJC_MSGSEND = YES;
				ENABLE_TESTABILITY = YES;
				GCC_C_LANGUAGE_STANDARD = gnu11;
				GCC_DYNAMIC_NO_PIC = NO;
				GCC_NO_COMMON_BLOCKS = YES;
				GCC_OPTIMIZATION_LEVEL = 0;
				GCC_PREPROCESSOR_DEFINITIONS = (
					"DEBUG=1",
					"$(inherited)",
				);
				GCC_WARN_64_TO_32_BIT_CONVERSION = YES;
				GCC_WARN_ABOUT_RETURN_TYPE = YES_ERROR;
				GCC_WARN_UNDECLARED_SELECTOR = YES;
				GCC_WARN_UNINITIALIZED_AUTOS = YES_AGGRESSIVE;
				GCC_WARN_UNUSED_FUNCTION = YES;
				GCC_WARN_UNUSED_VARIABLE = YES;
				MACOSX_DEPLOYMENT_TARGET = 10.13;
				MTL_ENABLE_DEBUG_INFO = INCLUDE_SOURCE;
				MTL_FAST_MATH = YES;
				ONLY_ACTIVE_ARCH = YES;
				SDKROOT = macosx;
				SWIFT_ACTIVE_COMPILATION_CONDITIONS = DEBUG;
				SWIFT_OPTIMIZATION_LEVEL = "-Onone";
			};
			name = Debug;
		};
		698C537B50DB4A2C0D648491 /* Release */ = {
			isa = XCBuildConfiguration;
			buildSettings = {
				PRODUCT_NAME = "$(TARGET_NAME)";
				SWIFT_VERSION = 4.2;
			};
			name = Release;
		};
		698C58F29F82E6E08CF7C8A0 /* Release */ = {
			isa = XCBuildConfiguration;
			buildSettings = {
				ALWAYS_SEARCH_USER_PATHS = NO;
				CLANG_ANALYZER_NONNULL = YES;
				CLANG_ANALYZER_NUMBER_OBJECT_CONVERSION = YES_AGGRESSIVE;
				CLANG_CXX_LANGUAGE_STANDARD = "gnu++14";
				CLANG_CXX_LIBRARY = "libc++";
				CLANG_ENABLE_MODULES = YES;
				CLANG_ENABLE_OBJC_ARC = YES;
				CLANG_ENABLE_OBJC_WEAK = YES;
				CLANG_WARN_BLOCK_CAPTURE_AUTORELEASING = YES;
				CLANG_WARN_BOOL_CONVERSION = YES;
				CLANG_WARN_COMMA = YES;
				CLANG_WARN_CONSTANT_CONVERSION = YES;
				CLANG_WARN_DEPRECATED_OBJC_IMPLEMENTATIONS = YES;
				CLANG_WARN_DIRECT_OBJC_ISA_USAGE = YES_ERROR;
				CLANG_WARN_DOCUMENTATION_COMMENTS = YES;
				CLANG_WARN_EMPTY_BODY = YES;
				CLANG_WARN_ENUM_CONVERSION = YES;
				CLANG_WARN_INFINITE_RECURSION = YES;
				CLANG_WARN_INT_CONVERSION = YES;
				CLANG_WARN_NON_LITERAL_NULL_CONVERSION = YES;
				CLANG_WARN_OBJC_IMPLICIT_RETAIN_SELF = YES;
				CLANG_WARN_OBJC_LITERAL_CONVERSION = YES;
				CLANG_WARN_OBJC_ROOT_CLASS = YES_ERROR;
				CLANG_WARN_RANGE_LOOP_ANALYSIS = YES;
				CLANG_WARN_STRICT_PROTOTYPES = YES;
				CLANG_WARN_SUSPICIOUS_MOVE = YES;
				CLANG_WARN_UNGUARDED_AVAILABILITY = YES_AGGRESSIVE;
				CLANG_WARN_UNREACHABLE_CODE = YES;
				CLANG_WARN__DUPLICATE_METHOD_MATCH = YES;
				CODE_SIGN_IDENTITY = "-";
				COPY_PHASE_STRIP = NO;
				DEBUG_INFORMATION_FORMAT = "dwarf-with-dsym";
				ENABLE_NS_ASSERTIONS = NO;
				ENABLE_STRICT_OBJC_MSGSEND = YES;
				GCC_C_LANGUAGE_STANDARD = gnu11;
				GCC_NO_COMMON_BLOCKS = YES;
				GCC_WARN_64_TO_32_BIT_CONVERSION = YES;
				GCC_WARN_ABOUT_RETURN_TYPE = YES_ERROR;
				GCC_WARN_UNDECLARED_SELECTOR = YES;
				GCC_WARN_UNINITIALIZED_AUTOS = YES_AGGRESSIVE;
				GCC_WARN_UNUSED_FUNCTION = YES;
				GCC_WARN_UNUSED_VARIABLE = YES;
				MACOSX_DEPLOYMENT_TARGET = 10.13;
				MTL_ENABLE_DEBUG_INFO = NO;
				MTL_FAST_MATH = YES;
				SDKROOT = macosx;
				SWIFT_OPTIMIZATION_LEVEL = "-Owholemodule";
			};
			name = Release;
		};
		B7E84EE1225C416000ED7177 /* Debug */ = {
			isa = XCBuildConfiguration;
			buildSettings = {
				CODE_SIGN_IDENTITY = "Mac Developer";
				CODE_SIGN_STYLE = Automatic;
				COMBINE_HIDPI_IMAGES = YES;
				DEVELOPMENT_TEAM = B2AK2W5225;
				INFOPLIST_FILE = RayTracerTests/Info.plist;
				LD_RUNPATH_SEARCH_PATHS = "$(inherited) @executable_path/../Frameworks @loader_path/../Frameworks";
				PRODUCT_BUNDLE_IDENTIFIER = com.threeplay.RayTracerTests;
				PRODUCT_NAME = "$(TARGET_NAME)";
				SWIFT_VERSION = 4.2;
			};
			name = Debug;
		};
		B7E84EE2225C416000ED7177 /* Release */ = {
			isa = XCBuildConfiguration;
			buildSettings = {
				CODE_SIGN_IDENTITY = "Mac Developer";
				CODE_SIGN_STYLE = Automatic;
				COMBINE_HIDPI_IMAGES = YES;
				DEVELOPMENT_TEAM = B2AK2W5225;
				INFOPLIST_FILE = RayTracerTests/Info.plist;
				LD_RUNPATH_SEARCH_PATHS = "$(inherited) @executable_path/../Frameworks @loader_path/../Frameworks";
				PRODUCT_BUNDLE_IDENTIFIER = com.threeplay.RayTracerTests;
				PRODUCT_NAME = "$(TARGET_NAME)";
				SWIFT_VERSION = 4.2;
			};
			name = Release;
		};
/* End XCBuildConfiguration section */

/* Begin XCConfigurationList section */
		698C56334EA81F32A2CA362C /* Build configuration list for PBXProject "RayTracerChallenge" */ = {
			isa = XCConfigurationList;
			buildConfigurations = (
				698C52ED168C4327DE2AC524 /* Debug */,
				698C58F29F82E6E08CF7C8A0 /* Release */,
			);
			defaultConfigurationIsVisible = 0;
			defaultConfigurationName = Release;
		};
		698C5A1512957A59789C524E /* Build configuration list for PBXNativeTarget "RayTracerChallenge" */ = {
			isa = XCConfigurationList;
			buildConfigurations = (
				698C503CD3355B205B154487 /* Debug */,
				698C537B50DB4A2C0D648491 /* Release */,
			);
			defaultConfigurationIsVisible = 0;
			defaultConfigurationName = Release;
		};
		B7E84EE3225C416000ED7177 /* Build configuration list for PBXNativeTarget "RayTracerTests" */ = {
			isa = XCConfigurationList;
			buildConfigurations = (
				B7E84EE1225C416000ED7177 /* Debug */,
				B7E84EE2225C416000ED7177 /* Release */,
			);
			defaultConfigurationIsVisible = 0;
			defaultConfigurationName = Release;
		};
/* End XCConfigurationList section */
	};
	rootObject = 698C5C1BBD76B465291AAEAD /* Project object */;
}
